// !$*UTF8*$!
{
	archiveVersion = 1;
	classes = {
	};
	objectVersion = 55;
	objects = {

/* Begin PBXBuildFile section */
		4A0E3738284A105C009913CF /* AppDelegate.swift in Sources */ = {isa = PBXBuildFile; fileRef = 4A0E3737284A105C009913CF /* AppDelegate.swift */; };
		4A0E373A284A105C009913CF /* SceneDelegate.swift in Sources */ = {isa = PBXBuildFile; fileRef = 4A0E3739284A105C009913CF /* SceneDelegate.swift */; };
		4A0E373C284A105C009913CF /* ViewController.swift in Sources */ = {isa = PBXBuildFile; fileRef = 4A0E373B284A105C009913CF /* ViewController.swift */; };
		4A0E373F284A105C009913CF /* Main.storyboard in Resources */ = {isa = PBXBuildFile; fileRef = 4A0E373D284A105C009913CF /* Main.storyboard */; };
		4A0E3741284A105E009913CF /* Assets.xcassets in Resources */ = {isa = PBXBuildFile; fileRef = 4A0E3740284A105E009913CF /* Assets.xcassets */; };
		4A0E3744284A105E009913CF /* LaunchScreen.storyboard in Resources */ = {isa = PBXBuildFile; fileRef = 4A0E3742284A105E009913CF /* LaunchScreen.storyboard */; };
		4A0E374C284B2005009913CF /* IAPService.swift in Sources */ = {isa = PBXBuildFile; fileRef = 4A0E374B284B2005009913CF /* IAPService.swift */; };
		4A0E374E284B2B08009913CF /* MyProducts.swift in Sources */ = {isa = PBXBuildFile; fileRef = 4A0E374D284B2B08009913CF /* MyProducts.swift */; };
		4A0E3754284B3257009913CF /* ProductCell.swift in Sources */ = {isa = PBXBuildFile; fileRef = 4A0E3753284B3257009913CF /* ProductCell.swift */; };
		4A0E3756284B4CFA009913CF /* IAPService+Notification.swift in Sources */ = {isa = PBXBuildFile; fileRef = 4A0E3755284B4CFA009913CF /* IAPService+Notification.swift */; };
/* End PBXBuildFile section */

/* Begin PBXFileReference section */
		4A0E3734284A105C009913CF /* ExInAppPurchase.app */ = {isa = PBXFileReference; explicitFileType = wrapper.application; includeInIndex = 0; path = ExInAppPurchase.app; sourceTree = BUILT_PRODUCTS_DIR; };
		4A0E3737284A105C009913CF /* AppDelegate.swift */ = {isa = PBXFileReference; lastKnownFileType = sourcecode.swift; path = AppDelegate.swift; sourceTree = "<group>"; };
		4A0E3739284A105C009913CF /* SceneDelegate.swift */ = {isa = PBXFileReference; lastKnownFileType = sourcecode.swift; path = SceneDelegate.swift; sourceTree = "<group>"; };
		4A0E373B284A105C009913CF /* ViewController.swift */ = {isa = PBXFileReference; lastKnownFileType = sourcecode.swift; path = ViewController.swift; sourceTree = "<group>"; };
		4A0E373E284A105C009913CF /* Base */ = {isa = PBXFileReference; lastKnownFileType = file.storyboard; name = Base; path = Base.lproj/Main.storyboard; sourceTree = "<group>"; };
		4A0E3740284A105E009913CF /* Assets.xcassets */ = {isa = PBXFileReference; lastKnownFileType = folder.assetcatalog; path = Assets.xcassets; sourceTree = "<group>"; };
		4A0E3743284A105E009913CF /* Base */ = {isa = PBXFileReference; lastKnownFileType = file.storyboard; name = Base; path = Base.lproj/LaunchScreen.storyboard; sourceTree = "<group>"; };
		4A0E3745284A105E009913CF /* Info.plist */ = {isa = PBXFileReference; lastKnownFileType = text.plist.xml; path = Info.plist; sourceTree = "<group>"; };
		4A0E374B284B2005009913CF /* IAPService.swift */ = {isa = PBXFileReference; lastKnownFileType = sourcecode.swift; path = IAPService.swift; sourceTree = "<group>"; };
		4A0E374D284B2B08009913CF /* MyProducts.swift */ = {isa = PBXFileReference; lastKnownFileType = sourcecode.swift; path = MyProducts.swift; sourceTree = "<group>"; };
		4A0E3753284B3257009913CF /* ProductCell.swift */ = {isa = PBXFileReference; lastKnownFileType = sourcecode.swift; path = ProductCell.swift; sourceTree = "<group>"; };
		4A0E3755284B4CFA009913CF /* IAPService+Notification.swift */ = {isa = PBXFileReference; lastKnownFileType = sourcecode.swift; path = "IAPService+Notification.swift"; sourceTree = "<group>"; };
/* End PBXFileReference section */

/* Begin PBXFrameworksBuildPhase section */
		4A0E3731284A105C009913CF /* Frameworks */ = {
			isa = PBXFrameworksBuildPhase;
			buildActionMask = 2147483647;
			files = (
			);
			runOnlyForDeploymentPostprocessing = 0;
		};
/* End PBXFrameworksBuildPhase section */

/* Begin PBXGroup section */
		4A0E372B284A105C009913CF = {
			isa = PBXGroup;
			children = (
				4A0E3736284A105C009913CF /* ExInAppPurchase */,
				4A0E3735284A105C009913CF /* Products */,
			);
			sourceTree = "<group>";
		};
		4A0E3735284A105C009913CF /* Products */ = {
			isa = PBXGroup;
			children = (
				4A0E3734284A105C009913CF /* ExInAppPurchase.app */,
			);
			name = Products;
			sourceTree = "<group>";
		};
		4A0E3736284A105C009913CF /* ExInAppPurchase */ = {
			isa = PBXGroup;
			children = (
				4A0E3752284B323C009913CF /* Service */,
				4A0E3750284B3229009913CF /* Model */,
				4A0E3751284B322B009913CF /* Controller */,
				4A0E374F284B3227009913CF /* View */,
				4A0E3737284A105C009913CF /* AppDelegate.swift */,
				4A0E3739284A105C009913CF /* SceneDelegate.swift */,
				4A0E373D284A105C009913CF /* Main.storyboard */,
				4A0E3740284A105E009913CF /* Assets.xcassets */,
				4A0E3742284A105E009913CF /* LaunchScreen.storyboard */,
				4A0E3745284A105E009913CF /* Info.plist */,
			);
			path = ExInAppPurchase;
			sourceTree = "<group>";
		};
		4A0E374F284B3227009913CF /* View */ = {
			isa = PBXGroup;
			children = (
				4A0E3753284B3257009913CF /* ProductCell.swift */,
			);
			path = View;
			sourceTree = "<group>";
		};
		4A0E3750284B3229009913CF /* Model */ = {
			isa = PBXGroup;
			children = (
			);
			path = Model;
			sourceTree = "<group>";
		};
		4A0E3751284B322B009913CF /* Controller */ = {
			isa = PBXGroup;
			children = (
				4A0E373B284A105C009913CF /* ViewController.swift */,
			);
			path = Controller;
			sourceTree = "<group>";
		};
		4A0E3752284B323C009913CF /* Service */ = {
			isa = PBXGroup;
			children = (
				4A0E374B284B2005009913CF /* IAPService.swift */,
				4A0E3755284B4CFA009913CF /* IAPService+Notification.swift */,
				4A0E374D284B2B08009913CF /* MyProducts.swift */,
			);
			path = Service;
			sourceTree = "<group>";
		};
/* End PBXGroup section */

/* Begin PBXNativeTarget section */
		4A0E3733284A105C009913CF /* ExInAppPurchase */ = {
			isa = PBXNativeTarget;
			buildConfigurationList = 4A0E3748284A105E009913CF /* Build configuration list for PBXNativeTarget "ExInAppPurchase" */;
			buildPhases = (
				4A0E3730284A105C009913CF /* Sources */,
				4A0E3731284A105C009913CF /* Frameworks */,
				4A0E3732284A105C009913CF /* Resources */,
			);
			buildRules = (
			);
			dependencies = (
			);
			name = ExInAppPurchase;
			productName = ExInAppPurchase;
			productReference = 4A0E3734284A105C009913CF /* ExInAppPurchase.app */;
			productType = "com.apple.product-type.application";
		};
/* End PBXNativeTarget section */

/* Begin PBXProject section */
		4A0E372C284A105C009913CF /* Project object */ = {
			isa = PBXProject;
			attributes = {
				BuildIndependentTargetsInParallel = 1;
				LastSwiftUpdateCheck = 1310;
				LastUpgradeCheck = 1310;
				TargetAttributes = {
					4A0E3733284A105C009913CF = {
						CreatedOnToolsVersion = 13.1;
					};
				};
			};
			buildConfigurationList = 4A0E372F284A105C009913CF /* Build configuration list for PBXProject "ExInAppPurchase" */;
			compatibilityVersion = "Xcode 13.0";
			developmentRegion = en;
			hasScannedForEncodings = 0;
			knownRegions = (
				en,
				Base,
			);
			mainGroup = 4A0E372B284A105C009913CF;
			productRefGroup = 4A0E3735284A105C009913CF /* Products */;
			projectDirPath = "";
			projectRoot = "";
			targets = (
				4A0E3733284A105C009913CF /* ExInAppPurchase */,
			);
		};
/* End PBXProject section */

/* Begin PBXResourcesBuildPhase section */
		4A0E3732284A105C009913CF /* Resources */ = {
			isa = PBXResourcesBuildPhase;
			buildActionMask = 2147483647;
			files = (
				4A0E3744284A105E009913CF /* LaunchScreen.storyboard in Resources */,
				4A0E3741284A105E009913CF /* Assets.xcassets in Resources */,
				4A0E373F284A105C009913CF /* Main.storyboard in Resources */,
			);
			runOnlyForDeploymentPostprocessing = 0;
		};
/* End PBXResourcesBuildPhase section */

/* Begin PBXSourcesBuildPhase section */
		4A0E3730284A105C009913CF /* Sources */ = {
			isa = PBXSourcesBuildPhase;
			buildActionMask = 2147483647;
			files = (
				4A0E3756284B4CFA009913CF /* IAPService+Notification.swift in Sources */,
				4A0E373C284A105C009913CF /* ViewController.swift in Sources */,
				4A0E3738284A105C009913CF /* AppDelegate.swift in Sources */,
				4A0E374E284B2B08009913CF /* MyProducts.swift in Sources */,
				4A0E3754284B3257009913CF /* ProductCell.swift in Sources */,
				4A0E374C284B2005009913CF /* IAPService.swift in Sources */,
				4A0E373A284A105C009913CF /* SceneDelegate.swift in Sources */,
			);
			runOnlyForDeploymentPostprocessing = 0;
		};
/* End PBXSourcesBuildPhase section */

/* Begin PBXVariantGroup section */
		4A0E373D284A105C009913CF /* Main.storyboard */ = {
			isa = PBXVariantGroup;
			children = (
				4A0E373E284A105C009913CF /* Base */,
			);
			name = Main.storyboard;
			sourceTree = "<group>";
		};
		4A0E3742284A105E009913CF /* LaunchScreen.storyboard */ = {
			isa = PBXVariantGroup;
			children = (
				4A0E3743284A105E009913CF /* Base */,
			);
			name = LaunchScreen.storyboard;
			sourceTree = "<group>";
		};
/* End PBXVariantGroup section */

/* Begin XCBuildConfiguration section */
		4A0E3746284A105E009913CF /* Debug */ = {
			isa = XCBuildConfiguration;
			buildSettings = {
				ALWAYS_SEARCH_USER_PATHS = NO;
				CLANG_ANALYZER_NONNULL = YES;
				CLANG_ANALYZER_NUMBER_OBJECT_CONVERSION = YES_AGGRESSIVE;
				CLANG_CXX_LANGUAGE_STANDARD = "gnu++17";
				CLANG_CXX_LIBRARY = "libc++";
				CLANG_ENABLE_MODULES = YES;
				CLANG_ENABLE_OBJC_ARC = YES;
				CLANG_ENABLE_OBJC_WEAK = YES;
				CLANG_WARN_BLOCK_CAPTURE_AUTORELEASING = YES;
				CLANG_WARN_BOOL_CONVERSION = YES;
				CLANG_WARN_COMMA = YES;
				CLANG_WARN_CONSTANT_CONVERSION = YES;
				CLANG_WARN_DEPRECATED_OBJC_IMPLEMENTATIONS = YES;
				CLANG_WARN_DIRECT_OBJC_ISA_USAGE = YES_ERROR;
				CLANG_WARN_DOCUMENTATION_COMMENTS = YES;
				CLANG_WARN_EMPTY_BODY = YES;
				CLANG_WARN_ENUM_CONVERSION = YES;
				CLANG_WARN_INFINITE_RECURSION = YES;
				CLANG_WARN_INT_CONVERSION = YES;
				CLANG_WARN_NON_LITERAL_NULL_CONVERSION = YES;
				CLANG_WARN_OBJC_IMPLICIT_RETAIN_SELF = YES;
				CLANG_WARN_OBJC_LITERAL_CONVERSION = YES;
				CLANG_WARN_OBJC_ROOT_CLASS = YES_ERROR;
				CLANG_WARN_QUOTED_INCLUDE_IN_FRAMEWORK_HEADER = YES;
				CLANG_WARN_RANGE_LOOP_ANALYSIS = YES;
				CLANG_WARN_STRICT_PROTOTYPES = YES;
				CLANG_WARN_SUSPICIOUS_MOVE = YES;
				CLANG_WARN_UNGUARDED_AVAILABILITY = YES_AGGRESSIVE;
				CLANG_WARN_UNREACHABLE_CODE = YES;
				CLANG_WARN__DUPLICATE_METHOD_MATCH = YES;
				COPY_PHASE_STRIP = NO;
				DEBUG_INFORMATION_FORMAT = dwarf;
				ENABLE_STRICT_OBJC_MSGSEND = YES;
				ENABLE_TESTABILITY = YES;
				GCC_C_LANGUAGE_STANDARD = gnu11;
				GCC_DYNAMIC_NO_PIC = NO;
				GCC_NO_COMMON_BLOCKS = YES;
				GCC_OPTIMIZATION_LEVEL = 0;
				GCC_PREPROCESSOR_DEFINITIONS = (
					"DEBUG=1",
					"$(inherited)",
				);
				GCC_WARN_64_TO_32_BIT_CONVERSION = YES;
				GCC_WARN_ABOUT_RETURN_TYPE = YES_ERROR;
				GCC_WARN_UNDECLARED_SELECTOR = YES;
				GCC_WARN_UNINITIALIZED_AUTOS = YES_AGGRESSIVE;
				GCC_WARN_UNUSED_FUNCTION = YES;
				GCC_WARN_UNUSED_VARIABLE = YES;
				IPHONEOS_DEPLOYMENT_TARGET = 15.0;
				MTL_ENABLE_DEBUG_INFO = INCLUDE_SOURCE;
				MTL_FAST_MATH = YES;
				ONLY_ACTIVE_ARCH = YES;
				SDKROOT = iphoneos;
				SWIFT_ACTIVE_COMPILATION_CONDITIONS = DEBUG;
				SWIFT_OPTIMIZATION_LEVEL = "-Onone";
			};
			name = Debug;
		};
		4A0E3747284A105E009913CF /* Release */ = {
			isa = XCBuildConfiguration;
			buildSettings = {
				ALWAYS_SEARCH_USER_PATHS = NO;
				CLANG_ANALYZER_NONNULL = YES;
				CLANG_ANALYZER_NUMBER_OBJECT_CONVERSION = YES_AGGRESSIVE;
				CLANG_CXX_LANGUAGE_STANDARD = "gnu++17";
				CLANG_CXX_LIBRARY = "libc++";
				CLANG_ENABLE_MODULES = YES;
				CLANG_ENABLE_OBJC_ARC = YES;
				CLANG_ENABLE_OBJC_WEAK = YES;
				CLANG_WARN_BLOCK_CAPTURE_AUTORELEASING = YES;
				CLANG_WARN_BOOL_CONVERSION = YES;
				CLANG_WARN_COMMA = YES;
				CLANG_WARN_CONSTANT_CONVERSION = YES;
				CLANG_WARN_DEPRECATED_OBJC_IMPLEMENTATIONS = YES;
				CLANG_WARN_DIRECT_OBJC_ISA_USAGE = YES_ERROR;
				CLANG_WARN_DOCUMENTATION_COMMENTS = YES;
				CLANG_WARN_EMPTY_BODY = YES;
				CLANG_WARN_ENUM_CONVERSION = YES;
				CLANG_WARN_INFINITE_RECURSION = YES;
				CLANG_WARN_INT_CONVERSION = YES;
				CLANG_WARN_NON_LITERAL_NULL_CONVERSION = YES;
				CLANG_WARN_OBJC_IMPLICIT_RETAIN_SELF = YES;
				CLANG_WARN_OBJC_LITERAL_CONVERSION = YES;
				CLANG_WARN_OBJC_ROOT_CLASS = YES_ERROR;
				CLANG_WARN_QUOTED_INCLUDE_IN_FRAMEWORK_HEADER = YES;
				CLANG_WARN_RANGE_LOOP_ANALYSIS = YES;
				CLANG_WARN_STRICT_PROTOTYPES = YES;
				CLANG_WARN_SUSPICIOUS_MOVE = YES;
				CLANG_WARN_UNGUARDED_AVAILABILITY = YES_AGGRESSIVE;
				CLANG_WARN_UNREACHABLE_CODE = YES;
				CLANG_WARN__DUPLICATE_METHOD_MATCH = YES;
				COPY_PHASE_STRIP = NO;
				DEBUG_INFORMATION_FORMAT = "dwarf-with-dsym";
				ENABLE_NS_ASSERTIONS = NO;
				ENABLE_STRICT_OBJC_MSGSEND = YES;
				GCC_C_LANGUAGE_STANDARD = gnu11;
				GCC_NO_COMMON_BLOCKS = YES;
				GCC_WARN_64_TO_32_BIT_CONVERSION = YES;
				GCC_WARN_ABOUT_RETURN_TYPE = YES_ERROR;
				GCC_WARN_UNDECLARED_SELECTOR = YES;
				GCC_WARN_UNINITIALIZED_AUTOS = YES_AGGRESSIVE;
				GCC_WARN_UNUSED_FUNCTION = YES;
				GCC_WARN_UNUSED_VARIABLE = YES;
				IPHONEOS_DEPLOYMENT_TARGET = 15.0;
				MTL_ENABLE_DEBUG_INFO = NO;
				MTL_FAST_MATH = YES;
				SDKROOT = iphoneos;
				SWIFT_COMPILATION_MODE = wholemodule;
				SWIFT_OPTIMIZATION_LEVEL = "-O";
				VALIDATE_PRODUCT = YES;
			};
			name = Release;
		};
		4A0E3749284A105E009913CF /* Debug */ = {
			isa = XCBuildConfiguration;
			buildSettings = {
				ASSETCATALOG_COMPILER_APPICON_NAME = AppIcon;
				ASSETCATALOG_COMPILER_GLOBAL_ACCENT_COLOR_NAME = AccentColor;
				CODE_SIGN_STYLE = Automatic;
				CURRENT_PROJECT_VERSION = 1;
				DEVELOPMENT_TEAM = SS7U83UJNK;
				GENERATE_INFOPLIST_FILE = YES;
				INFOPLIST_FILE = ExInAppPurchase/Info.plist;
				INFOPLIST_KEY_UIApplicationSupportsIndirectInputEvents = YES;
				INFOPLIST_KEY_UILaunchStoryboardName = LaunchScreen;
				INFOPLIST_KEY_UIMainStoryboardFile = Main;
				INFOPLIST_KEY_UISupportedInterfaceOrientations_iPad = "UIInterfaceOrientationPortrait UIInterfaceOrientationPortraitUpsideDown UIInterfaceOrientationLandscapeLeft UIInterfaceOrientationLandscapeRight";
				INFOPLIST_KEY_UISupportedInterfaceOrientations_iPhone = "UIInterfaceOrientationPortrait UIInterfaceOrientationLandscapeLeft UIInterfaceOrientationLandscapeRight";
				LD_RUNPATH_SEARCH_PATHS = (
					"$(inherited)",
					"@executable_path/Frameworks",
				);
				MARKETING_VERSION = 1.0;
				PRODUCT_BUNDLE_IDENTIFIER = com.jake.sample.ExInAppPurchase;
				PRODUCT_NAME = "$(TARGET_NAME)";
				SWIFT_EMIT_LOC_STRINGS = YES;
				SWIFT_VERSION = 5.0;
				TARGETED_DEVICE_FAMILY = "1,2";
			};
			name = Debug;
		};
		4A0E374A284A105E009913CF /* Release */ = {
			isa = XCBuildConfiguration;
			buildSettings = {
				ASSETCATALOG_COMPILER_APPICON_NAME = AppIcon;
				ASSETCATALOG_COMPILER_GLOBAL_ACCENT_COLOR_NAME = AccentColor;
				CODE_SIGN_STYLE = Automatic;
				CURRENT_PROJECT_VERSION = 1;
				DEVELOPMENT_TEAM = SS7U83UJNK;
				GENERATE_INFOPLIST_FILE = YES;
				INFOPLIST_FILE = ExInAppPurchase/Info.plist;
				INFOPLIST_KEY_UIApplicationSupportsIndirectInputEvents = YES;
				INFOPLIST_KEY_UILaunchStoryboardName = LaunchScreen;
				INFOPLIST_KEY_UIMainStoryboardFile = Main;
				INFOPLIST_KEY_UISupportedInterfaceOrientations_iPad = "UIInterfaceOrientationPortrait UIInterfaceOrientationPortraitUpsideDown UIInterfaceOrientationLandscapeLeft UIInterfaceOrientationLandscapeRight";
				INFOPLIST_KEY_UISupportedInterfaceOrientations_iPhone = "UIInterfaceOrientationPortrait UIInterfaceOrientationLandscapeLeft UIInterfaceOrientationLandscapeRight";
				LD_RUNPATH_SEARCH_PATHS = (
					"$(inherited)",
					"@executable_path/Frameworks",
				);
				MARKETING_VERSION = 1.0;
				PRODUCT_BUNDLE_IDENTIFIER = com.jake.sample.ExInAppPurchase;
				PRODUCT_NAME = "$(TARGET_NAME)";
				SWIFT_EMIT_LOC_STRINGS = YES;
				SWIFT_VERSION = 5.0;
				TARGETED_DEVICE_FAMILY = "1,2";
			};
			name = Release;
		};
/* End XCBuildConfiguration section */

/* Begin XCConfigurationList section */
		4A0E372F284A105C009913CF /* Build configuration list for PBXProject "ExInAppPurchase" */ = {
			isa = XCConfigurationList;
			buildConfigurations = (
				4A0E3746284A105E009913CF /* Debug */,
				4A0E3747284A105E009913CF /* Release */,
			);
			defaultConfigurationIsVisible = 0;
			defaultConfigurationName = Release;
		};
		4A0E3748284A105E009913CF /* Build configuration list for PBXNativeTarget "ExInAppPurchase" */ = {
			isa = XCConfigurationList;
			buildConfigurations = (
				4A0E3749284A105E009913CF /* Debug */,
				4A0E374A284A105E009913CF /* Release */,
			);
			defaultConfigurationIsVisible = 0;
			defaultConfigurationName = Release;
		};
/* End XCConfigurationList section */
	};
	rootObject = 4A0E372C284A105C009913CF /* Project object */;
}
